
Microsoft Visual Studio Solution File, Format Version 12.00
# Visual Studio Version 17
VisualStudioVersion = 17.7.34031.279
MinimumVisualStudioVersion = 10.0.40219.1
Project("{FAE04EC0-301F-11D3-BF4B-00C04F79EFBC}") = "ReactProjectTuto", "ReactProjectTuto\ReactProjectTuto.csproj", "{2BD187CC-2A2D-4269-B80A-DFB060721472}"
EndProject
Global
	GlobalSection(SolutionConfigurationPlatforms) = preSolution
		Debug|Any CPU = Debug|Any CPU
		Release|Any CPU = Release|Any CPU
	EndGlobalSection
	GlobalSection(ProjectConfigurationPlatforms) = postSolution
		{2BD187CC-2A2D-4269-B80A-DFB060721472}.Debug|Any CPU.ActiveCfg = Debug|Any CPU
		{2BD187CC-2A2D-4269-B80A-DFB060721472}.Debug|Any CPU.Build.0 = Debug|Any CPU
		{2BD187CC-2A2D-4269-B80A-DFB060721472}.Release|Any CPU.ActiveCfg = Release|Any CPU
		{2BD187CC-2A2D-4269-B80A-DFB060721472}.Release|Any CPU.Build.0 = Release|Any CPU
	EndGlobalSection
	GlobalSection(SolutionProperties) = preSolution
		HideSolutionNode = FALSE
	EndGlobalSection
	GlobalSection(ExtensibilityGlobals) = postSolution
		SolutionGuid = {F789A11E-76B7-437B-9CDF-351995958680}
	EndGlobalSection
EndGlobal
